// !$*UTF8*$!
{
	archiveVersion = 1;
	classes = {
	};
	objectVersion = 50;
	objects = {

/* Begin PBXBuildFile section */
		AA86B89C226BF58800E0C5B9 /* AppDelegate.swift in Sources */ = {isa = PBXBuildFile; fileRef = AA86B89B226BF58800E0C5B9 /* AppDelegate.swift */; };
		AA86B89E226BF58800E0C5B9 /* ViewController.swift in Sources */ = {isa = PBXBuildFile; fileRef = AA86B89D226BF58800E0C5B9 /* ViewController.swift */; };
		AA86B8A1226BF58800E0C5B9 /* Main.storyboard in Resources */ = {isa = PBXBuildFile; fileRef = AA86B89F226BF58800E0C5B9 /* Main.storyboard */; };
		AA86B8A3226BF58900E0C5B9 /* Assets.xcassets in Resources */ = {isa = PBXBuildFile; fileRef = AA86B8A2226BF58900E0C5B9 /* Assets.xcassets */; };
		AA86B8A6226BF58900E0C5B9 /* LaunchScreen.storyboard in Resources */ = {isa = PBXBuildFile; fileRef = AA86B8A4226BF58900E0C5B9 /* LaunchScreen.storyboard */; };
/* End PBXBuildFile section */

/* Begin PBXFileReference section */
		AA86B898226BF58800E0C5B9 /* BackPropagacion-1.app */ = {isa = PBXFileReference; explicitFileType = wrapper.application; includeInIndex = 0; path = "BackPropagacion-1.app"; sourceTree = BUILT_PRODUCTS_DIR; };
		AA86B89B226BF58800E0C5B9 /* AppDelegate.swift */ = {isa = PBXFileReference; lastKnownFileType = sourcecode.swift; path = AppDelegate.swift; sourceTree = "<group>"; };
		AA86B89D226BF58800E0C5B9 /* ViewController.swift */ = {isa = PBXFileReference; lastKnownFileType = sourcecode.swift; path = ViewController.swift; sourceTree = "<group>"; };
		AA86B8A0226BF58800E0C5B9 /* Base */ = {isa = PBXFileReference; lastKnownFileType = file.storyboard; name = Base; path = Base.lproj/Main.storyboard; sourceTree = "<group>"; };
		AA86B8A2226BF58900E0C5B9 /* Assets.xcassets */ = {isa = PBXFileReference; lastKnownFileType = folder.assetcatalog; path = Assets.xcassets; sourceTree = "<group>"; };
		AA86B8A5226BF58900E0C5B9 /* Base */ = {isa = PBXFileReference; lastKnownFileType = file.storyboard; name = Base; path = Base.lproj/LaunchScreen.storyboard; sourceTree = "<group>"; };
		AA86B8A7226BF58900E0C5B9 /* Info.plist */ = {isa = PBXFileReference; lastKnownFileType = text.plist.xml; path = Info.plist; sourceTree = "<group>"; };
/* End PBXFileReference section */

/* Begin PBXFrameworksBuildPhase section */
		AA86B895226BF58800E0C5B9 /* Frameworks */ = {
			isa = PBXFrameworksBuildPhase;
			buildActionMask = 2147483647;
			files = (
			);
			runOnlyForDeploymentPostprocessing = 0;
		};
/* End PBXFrameworksBuildPhase section */

/* Begin PBXGroup section */
		AA86B88F226BF58800E0C5B9 = {
			isa = PBXGroup;
			children = (
				AA86B89A226BF58800E0C5B9 /* BackPropagacion-1 */,
				AA86B899226BF58800E0C5B9 /* Products */,
			);
			sourceTree = "<group>";
		};
		AA86B899226BF58800E0C5B9 /* Products */ = {
			isa = PBXGroup;
			children = (
				AA86B898226BF58800E0C5B9 /* BackPropagacion-1.app */,
			);
			name = Products;
			sourceTree = "<group>";
		};
		AA86B89A226BF58800E0C5B9 /* BackPropagacion-1 */ = {
			isa = PBXGroup;
			children = (
				AA86B89B226BF58800E0C5B9 /* AppDelegate.swift */,
				AA86B89D226BF58800E0C5B9 /* ViewController.swift */,
				AA86B89F226BF58800E0C5B9 /* Main.storyboard */,
				AA86B8A2226BF58900E0C5B9 /* Assets.xcassets */,
				AA86B8A4226BF58900E0C5B9 /* LaunchScreen.storyboard */,
				AA86B8A7226BF58900E0C5B9 /* Info.plist */,
			);
			path = "BackPropagacion-1";
			sourceTree = "<group>";
		};
/* End PBXGroup section */

/* Begin PBXNativeTarget section */
		AA86B897226BF58800E0C5B9 /* BackPropagacion-1 */ = {
			isa = PBXNativeTarget;
			buildConfigurationList = AA86B8AA226BF58900E0C5B9 /* Build configuration list for PBXNativeTarget "BackPropagacion-1" */;
			buildPhases = (
				AA86B894226BF58800E0C5B9 /* Sources */,
				AA86B895226BF58800E0C5B9 /* Frameworks */,
				AA86B896226BF58800E0C5B9 /* Resources */,
			);
			buildRules = (
			);
			dependencies = (
			);
			name = "BackPropagacion-1";
			productName = "BackPropagacion-1";
			productReference = AA86B898226BF58800E0C5B9 /* BackPropagacion-1.app */;
			productType = "com.apple.product-type.application";
		};
/* End PBXNativeTarget section */

/* Begin PBXProject section */
		AA86B890226BF58800E0C5B9 /* Project object */ = {
			isa = PBXProject;
			attributes = {
				LastSwiftUpdateCheck = 1010;
				LastUpgradeCheck = 1010;
				ORGANIZATIONNAME = DanielSteven;
				TargetAttributes = {
					AA86B897226BF58800E0C5B9 = {
						CreatedOnToolsVersion = 10.1;
					};
				};
			};
			buildConfigurationList = AA86B893226BF58800E0C5B9 /* Build configuration list for PBXProject "BackPropagacion-1" */;
			compatibilityVersion = "Xcode 9.3";
			developmentRegion = en;
			hasScannedForEncodings = 0;
			knownRegions = (
				en,
				Base,
			);
			mainGroup = AA86B88F226BF58800E0C5B9;
			productRefGroup = AA86B899226BF58800E0C5B9 /* Products */;
			projectDirPath = "";
			projectRoot = "";
			targets = (
				AA86B897226BF58800E0C5B9 /* BackPropagacion-1 */,
			);
		};
/* End PBXProject section */

/* Begin PBXResourcesBuildPhase section */
		AA86B896226BF58800E0C5B9 /* Resources */ = {
			isa = PBXResourcesBuildPhase;
			buildActionMask = 2147483647;
			files = (
				AA86B8A6226BF58900E0C5B9 /* LaunchScreen.storyboard in Resources */,
				AA86B8A3226BF58900E0C5B9 /* Assets.xcassets in Resources */,
				AA86B8A1226BF58800E0C5B9 /* Main.storyboard in Resources */,
			);
			runOnlyForDeploymentPostprocessing = 0;
		};
/* End PBXResourcesBuildPhase section */

/* Begin PBXSourcesBuildPhase section */
		AA86B894226BF58800E0C5B9 /* Sources */ = {
			isa = PBXSourcesBuildPhase;
			buildActionMask = 2147483647;
			files = (
				AA86B89E226BF58800E0C5B9 /* ViewController.swift in Sources */,
				AA86B89C226BF58800E0C5B9 /* AppDelegate.swift in Sources */,
			);
			runOnlyForDeploymentPostprocessing = 0;
		};
/* End PBXSourcesBuildPhase section */

/* Begin PBXVariantGroup section */
		AA86B89F226BF58800E0C5B9 /* Main.storyboard */ = {
			isa = PBXVariantGroup;
			children = (
				AA86B8A0226BF58800E0C5B9 /* Base */,
			);
			name = Main.storyboard;
			sourceTree = "<group>";
		};
		AA86B8A4226BF58900E0C5B9 /* LaunchScreen.storyboard */ = {
			isa = PBXVariantGroup;
			children = (
				AA86B8A5226BF58900E0C5B9 /* Base */,
			);
			name = LaunchScreen.storyboard;
			sourceTree = "<group>";
		};
/* End PBXVariantGroup section */

/* Begin XCBuildConfiguration section */
		AA86B8A8226BF58900E0C5B9 /* Debug */ = {
			isa = XCBuildConfiguration;
			buildSettings = {
				ALWAYS_SEARCH_USER_PATHS = NO;
				CLANG_ANALYZER_NONNULL = YES;
				CLANG_ANALYZER_NUMBER_OBJECT_CONVERSION = YES_AGGRESSIVE;
				CLANG_CXX_LANGUAGE_STANDARD = "gnu++14";
				CLANG_CXX_LIBRARY = "libc++";
				CLANG_ENABLE_MODULES = YES;
				CLANG_ENABLE_OBJC_ARC = YES;
				CLANG_ENABLE_OBJC_WEAK = YES;
				CLANG_WARN_BLOCK_CAPTURE_AUTORELEASING = YES;
				CLANG_WARN_BOOL_CONVERSION = YES;
				CLANG_WARN_COMMA = YES;
				CLANG_WARN_CONSTANT_CONVERSION = YES;
				CLANG_WARN_DEPRECATED_OBJC_IMPLEMENTATIONS = YES;
				CLANG_WARN_DIRECT_OBJC_ISA_USAGE = YES_ERROR;
				CLANG_WARN_DOCUMENTATION_COMMENTS = YES;
				CLANG_WARN_EMPTY_BODY = YES;
				CLANG_WARN_ENUM_CONVERSION = YES;
				CLANG_WARN_INFINITE_RECURSION = YES;
				CLANG_WARN_INT_CONVERSION = YES;
				CLANG_WARN_NON_LITERAL_NULL_CONVERSION = YES;
				CLANG_WARN_OBJC_IMPLICIT_RETAIN_SELF = YES;
				CLANG_WARN_OBJC_LITERAL_CONVERSION = YES;
				CLANG_WARN_OBJC_ROOT_CLASS = YES_ERROR;
				CLANG_WARN_RANGE_LOOP_ANALYSIS = YES;
				CLANG_WARN_STRICT_PROTOTYPES = YES;
				CLANG_WARN_SUSPICIOUS_MOVE = YES;
				CLANG_WARN_UNGUARDED_AVAILABILITY = YES_AGGRESSIVE;
				CLANG_WARN_UNREACHABLE_CODE = YES;
				CLANG_WARN__DUPLICATE_METHOD_MATCH = YES;
				CODE_SIGN_IDENTITY = "iPhone Developer";
				COPY_PHASE_STRIP = NO;
				DEBUG_INFORMATION_FORMAT = dwarf;
				ENABLE_STRICT_OBJC_MSGSEND = YES;
				ENABLE_TESTABILITY = YES;
				GCC_C_LANGUAGE_STANDARD = gnu11;
				GCC_DYNAMIC_NO_PIC = NO;
				GCC_NO_COMMON_BLOCKS = YES;
				GCC_OPTIMIZATION_LEVEL = 0;
				GCC_PREPROCESSOR_DEFINITIONS = (
					"DEBUG=1",
					"$(inherited)",
				);
				GCC_WARN_64_TO_32_BIT_CONVERSION = YES;
				GCC_WARN_ABOUT_RETURN_TYPE = YES_ERROR;
				GCC_WARN_UNDECLARED_SELECTOR = YES;
				GCC_WARN_UNINITIALIZED_AUTOS = YES_AGGRESSIVE;
				GCC_WARN_UNUSED_FUNCTION = YES;
				GCC_WARN_UNUSED_VARIABLE = YES;
				IPHONEOS_DEPLOYMENT_TARGET = 12.1;
				MTL_ENABLE_DEBUG_INFO = INCLUDE_SOURCE;
				MTL_FAST_MATH = YES;
				ONLY_ACTIVE_ARCH = YES;
				SDKROOT = iphoneos;
				SWIFT_ACTIVE_COMPILATION_CONDITIONS = DEBUG;
				SWIFT_OPTIMIZATION_LEVEL = "-Onone";
			};
			name = Debug;
		};
		AA86B8A9226BF58900E0C5B9 /* Release */ = {
			isa = XCBuildConfiguration;
			buildSettings = {
				ALWAYS_SEARCH_USER_PATHS = NO;
				CLANG_ANALYZER_NONNULL = YES;
				CLANG_ANALYZER_NUMBER_OBJECT_CONVERSION = YES_AGGRESSIVE;
				CLANG_CXX_LANGUAGE_STANDARD = "gnu++14";
				CLANG_CXX_LIBRARY = "libc++";
				CLANG_ENABLE_MODULES = YES;
				CLANG_ENABLE_OBJC_ARC = YES;
				CLANG_ENABLE_OBJC_WEAK = YES;
				CLANG_WARN_BLOCK_CAPTURE_AUTORELEASING = YES;
				CLANG_WARN_BOOL_CONVERSION = YES;
				CLANG_WARN_COMMA = YES;
				CLANG_WARN_CONSTANT_CONVERSION = YES;
				CLANG_WARN_DEPRECATED_OBJC_IMPLEMENTATIONS = YES;
				CLANG_WARN_DIRECT_OBJC_ISA_USAGE = YES_ERROR;
				CLANG_WARN_DOCUMENTATION_COMMENTS = YES;
				CLANG_WARN_EMPTY_BODY = YES;
				CLANG_WARN_ENUM_CONVERSION = YES;
				CLANG_WARN_INFINITE_RECURSION = YES;
				CLANG_WARN_INT_CONVERSION = YES;
				CLANG_WARN_NON_LITERAL_NULL_CONVERSION = YES;
				CLANG_WARN_OBJC_IMPLICIT_RETAIN_SELF = YES;
				CLANG_WARN_OBJC_LITERAL_CONVERSION = YES;
				CLANG_WARN_OBJC_ROOT_CLASS = YES_ERROR;
				CLANG_WARN_RANGE_LOOP_ANALYSIS = YES;
				CLANG_WARN_STRICT_PROTOTYPES = YES;
				CLANG_WARN_SUSPICIOUS_MOVE = YES;
				CLANG_WARN_UNGUARDED_AVAILABILITY = YES_AGGRESSIVE;
				CLANG_WARN_UNREACHABLE_CODE = YES;
				CLANG_WARN__DUPLICATE_METHOD_MATCH = YES;
				CODE_SIGN_IDENTITY = "iPhone Developer";
				COPY_PHASE_STRIP = NO;
				DEBUG_INFORMATION_FORMAT = "dwarf-with-dsym";
				ENABLE_NS_ASSERTIONS = NO;
				ENABLE_STRICT_OBJC_MSGSEND = YES;
				GCC_C_LANGUAGE_STANDARD = gnu11;
				GCC_NO_COMMON_BLOCKS = YES;
				GCC_WARN_64_TO_32_BIT_CONVERSION = YES;
				GCC_WARN_ABOUT_RETURN_TYPE = YES_ERROR;
				GCC_WARN_UNDECLARED_SELECTOR = YES;
				GCC_WARN_UNINITIALIZED_AUTOS = YES_AGGRESSIVE;
				GCC_WARN_UNUSED_FUNCTION = YES;
				GCC_WARN_UNUSED_VARIABLE = YES;
				IPHONEOS_DEPLOYMENT_TARGET = 12.1;
				MTL_ENABLE_DEBUG_INFO = NO;
				MTL_FAST_MATH = YES;
				SDKROOT = iphoneos;
				SWIFT_COMPILATION_MODE = wholemodule;
				SWIFT_OPTIMIZATION_LEVEL = "-O";
				VALIDATE_PRODUCT = YES;
			};
			name = Release;
		};
		AA86B8AB226BF58900E0C5B9 /* Debug */ = {
			isa = XCBuildConfiguration;
			buildSettings = {
				ASSETCATALOG_COMPILER_APPICON_NAME = AppIcon;
				CODE_SIGN_STYLE = Automatic;
				DEVELOPMENT_TEAM = NZ62TX5ZW3;
				INFOPLIST_FILE = "BackPropagacion-1/Info.plist";
				LD_RUNPATH_SEARCH_PATHS = (
					"$(inherited)",
					"@executable_path/Frameworks",
				);
				PRODUCT_BUNDLE_IDENTIFIER = "com.stevens.BackPropagacion-1";
				PRODUCT_NAME = "$(TARGET_NAME)";
				SWIFT_VERSION = 4.2;
				TARGETED_DEVICE_FAMILY = "1,2";
			};
			name = Debug;
		};
		AA86B8AC226BF58900E0C5B9 /* Release */ = {
			isa = XCBuildConfiguration;
			buildSettings = {
				ASSETCATALOG_COMPILER_APPICON_NAME = AppIcon;
				CODE_SIGN_STYLE = Automatic;
				DEVELOPMENT_TEAM = NZ62TX5ZW3;
				INFOPLIST_FILE = "BackPropagacion-1/Info.plist";
				LD_RUNPATH_SEARCH_PATHS = (
					"$(inherited)",
					"@executable_path/Frameworks",
				);
				PRODUCT_BUNDLE_IDENTIFIER = "com.stevens.BackPropagacion-1";
				PRODUCT_NAME = "$(TARGET_NAME)";
				SWIFT_VERSION = 4.2;
				TARGETED_DEVICE_FAMILY = "1,2";
			};
			name = Release;
		};
/* End XCBuildConfiguration section */

/* Begin XCConfigurationList section */
		AA86B893226BF58800E0C5B9 /* Build configuration list for PBXProject "BackPropagacion-1" */ = {
			isa = XCConfigurationList;
			buildConfigurations = (
				AA86B8A8226BF58900E0C5B9 /* Debug */,
				AA86B8A9226BF58900E0C5B9 /* Release */,
			);
			defaultConfigurationIsVisible = 0;
			defaultConfigurationName = Release;
		};
		AA86B8AA226BF58900E0C5B9 /* Build configuration list for PBXNativeTarget "BackPropagacion-1" */ = {
			isa = XCConfigurationList;
			buildConfigurations = (
				AA86B8AB226BF58900E0C5B9 /* Debug */,
				AA86B8AC226BF58900E0C5B9 /* Release */,
			);
			defaultConfigurationIsVisible = 0;
			defaultConfigurationName = Release;
		};
/* End XCConfigurationList section */
	};
	rootObject = AA86B890226BF58800E0C5B9 /* Project object */;
}
